
Microsoft Visual Studio Solution File, Format Version 12.00
# Visual Studio Version 17
VisualStudioVersion = 17.3.32929.385
MinimumVisualStudioVersion = 10.0.40219.1
Project("{FAE04EC0-301F-11D3-BF4B-00C04F79EFBC}") = "ITBees.MysqlRepository", "ITBees.MysqlRepository\ITBees.MysqlRepository.csproj", "{02FA6B1E-DB1D-4950-B119-87985E03C2AF}"
EndProject
Project("{9A19103F-16F7-4668-BE54-9A1E7A4F7556}") = "ITBees.Interfaces", "..\ITBees.Interfaces\ITBees.Interfaces\ITBees.Interfaces.csproj", "{8A5B738F-948E-4F78-8F1F-1051C42AF33D}"
EndProject
Global
	GlobalSection(SolutionConfigurationPlatforms) = preSolution
		Debug|Any CPU = Debug|Any CPU
		Release|Any CPU = Release|Any CPU
	EndGlobalSection
	GlobalSection(ProjectConfigurationPlatforms) = postSolution
		{02FA6B1E-DB1D-4950-B119-87985E03C2AF}.Debug|Any CPU.ActiveCfg = Debug|Any CPU
		{02FA6B1E-DB1D-4950-B119-87985E03C2AF}.Debug|Any CPU.Build.0 = Debug|Any CPU
		{02FA6B1E-DB1D-4950-B119-87985E03C2AF}.Release|Any CPU.ActiveCfg = Release|Any CPU
		{02FA6B1E-DB1D-4950-B119-87985E03C2AF}.Release|Any CPU.Build.0 = Release|Any CPU
		{8A5B738F-948E-4F78-8F1F-1051C42AF33D}.Debug|Any CPU.ActiveCfg = Debug|Any CPU
		{8A5B738F-948E-4F78-8F1F-1051C42AF33D}.Debug|Any CPU.Build.0 = Debug|Any CPU
		{8A5B738F-948E-4F78-8F1F-1051C42AF33D}.Release|Any CPU.ActiveCfg = Release|Any CPU
		{8A5B738F-948E-4F78-8F1F-1051C42AF33D}.Release|Any CPU.Build.0 = Release|Any CPU
	EndGlobalSection
	GlobalSection(SolutionProperties) = preSolution
		HideSolutionNode = FALSE
	EndGlobalSection
	GlobalSection(ExtensibilityGlobals) = postSolution
		SolutionGuid = {EE3D9753-07C4-497E-8E07-B4D50DC6B2AC}
	EndGlobalSection
EndGlobal
